{
  "name": "payslip-scraper",
  "version": "1.0.0",
  "lockfileVersion": 1,
  "requires": true,
  "dependencies": {
    "commander": {
      "version": "5.1.0",
      "resolved": "https://artifactory.skyscannertools.net/artifactory/api/npm/npm/commander/-/commander-5.1.0.tgz",
      "integrity": "sha1-Rqu9FlL44Fm92u+Zu9yyrZzxea4="
    },
    "json2csv": {
      "version": "5.0.1",
      "resolved": "https://artifactory.skyscannertools.net/artifactory/api/npm/npm/json2csv/-/json2csv-5.0.1.tgz",
      "integrity": "sha1-WkcrMvF3lUkRxH0zwDpJQKxh7qs=",
      "requires": {
        "commander": "^5.0.0",
        "jsonparse": "^1.3.1",
        "lodash.get": "^4.4.2"
      }
    },
    "jsonparse": {
      "version": "1.3.1",
      "resolved": "https://artifactory.skyscannertools.net/artifactory/api/npm/npm/jsonparse/-/jsonparse-1.3.1.tgz",
      "integrity": "sha1-P02uSpH6wxX3EGL4UhzCOfE2YoA="
    },
    "lodash.get": {
      "version": "4.4.2",
      "resolved": "https://artifactory.skyscannertools.net/artifactory/api/npm/npm/lodash.get/-/lodash.get-4.4.2.tgz",
      "integrity": "sha1-LRd/ZS+jHpObRDjVNBSZ36OCXpk="
    },
    "pdf2json": {
      "version": "1.2.0",
      "resolved": "https://artifactory.skyscannertools.net/artifactory/api/npm/npm/pdf2json/-/pdf2json-1.2.0.tgz",
      "integrity": "sha1-/bOV+tHRgkh1bPvHWAZqLxW5A78=",
      "requires": {
        "async": "^3.2.0",
        "lodash": "^4.17.13",
        "optimist": "^0.6.1",
        "xmldom": "^0.3.0"
      },
      "dependencies": {
        "async": {
          "version": "3.2.0",
          "bundled": true
        },
        "lodash": {
          "version": "4.17.15",
          "bundled": true
        },
        "minimist": {
          "version": "0.0.10",
          "bundled": true
        },
        "optimist": {
          "version": "0.6.1",
          "bundled": true,
          "requires": {
            "minimist": "~0.0.1",
            "wordwrap": "~0.0.2"
          }
        },
        "wordwrap": {
          "version": "0.0.3",
          "bundled": true
        },
        "xmldom": {
          "version": "0.3.0",
          "bundled": true
        }
      }
    },
    "pdfreader": {
      "version": "1.0.7",
      "resolved": "https://artifactory.skyscannertools.net/artifactory/api/npm/npm/pdfreader/-/pdfreader-1.0.7.tgz",
      "integrity": "sha1-Ech1Oex1nOc/6O48ZAhM4no62uA=",
      "requires": {
        "pdf2json": "^1.1.8"
      }
    }
  }
}
